// !$*UTF8*$!
{
	archiveVersion = 1;
	classes = {
	};
	objectVersion = 56;
	objects = {

/* Begin PBXBuildFile section */
		4E3E098728F73EAF0051BE65 /* ContentView.swift in Sources */ = {isa = PBXBuildFile; fileRef = 4E3E098628F73EAF0051BE65 /* ContentView.swift */; };
		4E3E098928F73EB00051BE65 /* Assets.xcassets in Resources */ = {isa = PBXBuildFile; fileRef = 4E3E098828F73EB00051BE65 /* Assets.xcassets */; };
		4E3E098C28F73EB00051BE65 /* Preview Assets.xcassets in Resources */ = {isa = PBXBuildFile; fileRef = 4E3E098B28F73EB00051BE65 /* Preview Assets.xcassets */; };
		4E3E099628F747AE0051BE65 /* OwnIDFirebaseSDK in Frameworks */ = {isa = PBXBuildFile; productRef = 4E3E099528F747AE0051BE65 /* OwnIDFirebaseSDK */; };
		4E3E099C28F753460051BE65 /* OwnidTutorialApp.swift in Sources */ = {isa = PBXBuildFile; fileRef = 4E3E099B28F753460051BE65 /* OwnidTutorialApp.swift */; };
		4E3E09A228F755A10051BE65 /* OwnIDConfiguration.plist in Resources */ = {isa = PBXBuildFile; fileRef = 4E3E09A128F755A10051BE65 /* OwnIDConfiguration.plist */; };
		4E3E09A928F758A00051BE65 /* GoogleService-Info.plist in Resources */ = {isa = PBXBuildFile; fileRef = 4E3E09A828F758A00051BE65 /* GoogleService-Info.plist */; };
		4E3E09AB28F75B340051BE65 /* RegisterViewModel.swift in Sources */ = {isa = PBXBuildFile; fileRef = 4E3E09AA28F75B330051BE65 /* RegisterViewModel.swift */; };
/* End PBXBuildFile section */

/* Begin PBXFileReference section */
		4E3E098128F73EAF0051BE65 /* OwnidTutorial.app */ = {isa = PBXFileReference; explicitFileType = wrapper.application; includeInIndex = 0; path = OwnidTutorial.app; sourceTree = BUILT_PRODUCTS_DIR; };
		4E3E098628F73EAF0051BE65 /* ContentView.swift */ = {isa = PBXFileReference; lastKnownFileType = sourcecode.swift; path = ContentView.swift; sourceTree = "<group>"; };
		4E3E098828F73EB00051BE65 /* Assets.xcassets */ = {isa = PBXFileReference; lastKnownFileType = folder.assetcatalog; path = Assets.xcassets; sourceTree = "<group>"; };
		4E3E098B28F73EB00051BE65 /* Preview Assets.xcassets */ = {isa = PBXFileReference; lastKnownFileType = folder.assetcatalog; path = "Preview Assets.xcassets"; sourceTree = "<group>"; };
		4E3E099B28F753460051BE65 /* OwnidTutorialApp.swift */ = {isa = PBXFileReference; fileEncoding = 4; lastKnownFileType = sourcecode.swift; path = OwnidTutorialApp.swift; sourceTree = "<group>"; };
		4E3E09A128F755A10051BE65 /* OwnIDConfiguration.plist */ = {isa = PBXFileReference; lastKnownFileType = text.plist.xml; path = OwnIDConfiguration.plist; sourceTree = "<group>"; };
		4E3E09A728F757D70051BE65 /* Info.plist */ = {isa = PBXFileReference; lastKnownFileType = text.plist; path = Info.plist; sourceTree = "<group>"; };
		4E3E09A828F758A00051BE65 /* GoogleService-Info.plist */ = {isa = PBXFileReference; fileEncoding = 4; lastKnownFileType = text.plist.xml; path = "GoogleService-Info.plist"; sourceTree = "<group>"; };
		4E3E09AA28F75B330051BE65 /* RegisterViewModel.swift */ = {isa = PBXFileReference; lastKnownFileType = sourcecode.swift; path = RegisterViewModel.swift; sourceTree = "<group>"; };
/* End PBXFileReference section */

/* Begin PBXFrameworksBuildPhase section */
		4E3E097E28F73EAF0051BE65 /* Frameworks */ = {
			isa = PBXFrameworksBuildPhase;
			buildActionMask = 2147483647;
			files = (
				4E3E099628F747AE0051BE65 /* OwnIDFirebaseSDK in Frameworks */,
			);
			runOnlyForDeploymentPostprocessing = 0;
		};
/* End PBXFrameworksBuildPhase section */

/* Begin PBXGroup section */
		4E3E097828F73EAF0051BE65 = {
			isa = PBXGroup;
			children = (
				4E3E098328F73EAF0051BE65 /* OwnidTutorial */,
				4E3E098228F73EAF0051BE65 /* Products */,
			);
			sourceTree = "<group>";
		};
		4E3E098228F73EAF0051BE65 /* Products */ = {
			isa = PBXGroup;
			children = (
				4E3E098128F73EAF0051BE65 /* OwnidTutorial.app */,
			);
			name = Products;
			sourceTree = "<group>";
		};
		4E3E098328F73EAF0051BE65 /* OwnidTutorial */ = {
			isa = PBXGroup;
			children = (
				4E3E09A728F757D70051BE65 /* Info.plist */,
				4E3E098628F73EAF0051BE65 /* ContentView.swift */,
				4E3E09A828F758A00051BE65 /* GoogleService-Info.plist */,
				4E3E098828F73EB00051BE65 /* Assets.xcassets */,
				4E3E099B28F753460051BE65 /* OwnidTutorialApp.swift */,
				4E3E098A28F73EB00051BE65 /* Preview Content */,
				4E3E09A128F755A10051BE65 /* OwnIDConfiguration.plist */,
				4E3E09AA28F75B330051BE65 /* RegisterViewModel.swift */,
			);
			path = OwnidTutorial;
			sourceTree = "<group>";
		};
		4E3E098A28F73EB00051BE65 /* Preview Content */ = {
			isa = PBXGroup;
			children = (
				4E3E098B28F73EB00051BE65 /* Preview Assets.xcassets */,
			);
			path = "Preview Content";
			sourceTree = "<group>";
		};
/* End PBXGroup section */

/* Begin PBXNativeTarget section */
		4E3E098028F73EAF0051BE65 /* OwnidTutorial */ = {
			isa = PBXNativeTarget;
			buildConfigurationList = 4E3E098F28F73EB00051BE65 /* Build configuration list for PBXNativeTarget "OwnidTutorial" */;
			buildPhases = (
				4E3E097D28F73EAF0051BE65 /* Sources */,
				4E3E097E28F73EAF0051BE65 /* Frameworks */,
				4E3E097F28F73EAF0051BE65 /* Resources */,
			);
			buildRules = (
			);
			dependencies = (
			);
			name = OwnidTutorial;
			packageProductDependencies = (
				4E3E099528F747AE0051BE65 /* OwnIDFirebaseSDK */,
			);
			productName = OwnidTutorial;
			productReference = 4E3E098128F73EAF0051BE65 /* OwnidTutorial.app */;
			productType = "com.apple.product-type.application";
		};
/* End PBXNativeTarget section */

/* Begin PBXProject section */
		4E3E097928F73EAF0051BE65 /* Project object */ = {
			isa = PBXProject;
			attributes = {
				BuildIndependentTargetsInParallel = 1;
				LastSwiftUpdateCheck = 1410;
				LastUpgradeCheck = 1410;
				TargetAttributes = {
					4E3E098028F73EAF0051BE65 = {
						CreatedOnToolsVersion = 14.1;
					};
				};
			};
			buildConfigurationList = 4E3E097C28F73EAF0051BE65 /* Build configuration list for PBXProject "OwnidTutorial" */;
			compatibilityVersion = "Xcode 14.0";
			developmentRegion = en;
			hasScannedForEncodings = 0;
			knownRegions = (
				en,
				Base,
			);
			mainGroup = 4E3E097828F73EAF0051BE65;
			packageReferences = (
				4E3E099428F747AE0051BE65 /* XCRemoteSwiftPackageReference "ownid-firebase-ios-sdk" */,
			);
			productRefGroup = 4E3E098228F73EAF0051BE65 /* Products */;
			projectDirPath = "";
			projectRoot = "";
			targets = (
				4E3E098028F73EAF0051BE65 /* OwnidTutorial */,
			);
		};
/* End PBXProject section */

/* Begin PBXResourcesBuildPhase section */
		4E3E097F28F73EAF0051BE65 /* Resources */ = {
			isa = PBXResourcesBuildPhase;
			buildActionMask = 2147483647;
			files = (
				4E3E098C28F73EB00051BE65 /* Preview Assets.xcassets in Resources */,
				4E3E09A928F758A00051BE65 /* GoogleService-Info.plist in Resources */,
				4E3E098928F73EB00051BE65 /* Assets.xcassets in Resources */,
				4E3E09A228F755A10051BE65 /* OwnIDConfiguration.plist in Resources */,
			);
			runOnlyForDeploymentPostprocessing = 0;
		};
/* End PBXResourcesBuildPhase section */

/* Begin PBXSourcesBuildPhase section */
		4E3E097D28F73EAF0051BE65 /* Sources */ = {
			isa = PBXSourcesBuildPhase;
			buildActionMask = 2147483647;
			files = (
				4E3E099C28F753460051BE65 /* OwnidTutorialApp.swift in Sources */,
				4E3E09AB28F75B340051BE65 /* RegisterViewModel.swift in Sources */,
				4E3E098728F73EAF0051BE65 /* ContentView.swift in Sources */,
			);
			runOnlyForDeploymentPostprocessing = 0;
		};
/* End PBXSourcesBuildPhase section */

/* Begin XCBuildConfiguration section */
		4E3E098D28F73EB00051BE65 /* Debug */ = {
			isa = XCBuildConfiguration;
			buildSettings = {
				ALWAYS_SEARCH_USER_PATHS = NO;
				CLANG_ANALYZER_NONNULL = YES;
				CLANG_ANALYZER_NUMBER_OBJECT_CONVERSION = YES_AGGRESSIVE;
				CLANG_CXX_LANGUAGE_STANDARD = "gnu++20";
				CLANG_ENABLE_MODULES = YES;
				CLANG_ENABLE_OBJC_ARC = YES;
				CLANG_ENABLE_OBJC_WEAK = YES;
				CLANG_WARN_BLOCK_CAPTURE_AUTORELEASING = YES;
				CLANG_WARN_BOOL_CONVERSION = YES;
				CLANG_WARN_COMMA = YES;
				CLANG_WARN_CONSTANT_CONVERSION = YES;
				CLANG_WARN_DEPRECATED_OBJC_IMPLEMENTATIONS = YES;
				CLANG_WARN_DIRECT_OBJC_ISA_USAGE = YES_ERROR;
				CLANG_WARN_DOCUMENTATION_COMMENTS = YES;
				CLANG_WARN_EMPTY_BODY = YES;
				CLANG_WARN_ENUM_CONVERSION = YES;
				CLANG_WARN_INFINITE_RECURSION = YES;
				CLANG_WARN_INT_CONVERSION = YES;
				CLANG_WARN_NON_LITERAL_NULL_CONVERSION = YES;
				CLANG_WARN_OBJC_IMPLICIT_RETAIN_SELF = YES;
				CLANG_WARN_OBJC_LITERAL_CONVERSION = YES;
				CLANG_WARN_OBJC_ROOT_CLASS = YES_ERROR;
				CLANG_WARN_QUOTED_INCLUDE_IN_FRAMEWORK_HEADER = YES;
				CLANG_WARN_RANGE_LOOP_ANALYSIS = YES;
				CLANG_WARN_STRICT_PROTOTYPES = YES;
				CLANG_WARN_SUSPICIOUS_MOVE = YES;
				CLANG_WARN_UNGUARDED_AVAILABILITY = YES_AGGRESSIVE;
				CLANG_WARN_UNREACHABLE_CODE = YES;
				CLANG_WARN__DUPLICATE_METHOD_MATCH = YES;
				COPY_PHASE_STRIP = NO;
				DEBUG_INFORMATION_FORMAT = dwarf;
				ENABLE_STRICT_OBJC_MSGSEND = YES;
				ENABLE_TESTABILITY = YES;
				GCC_C_LANGUAGE_STANDARD = gnu11;
				GCC_DYNAMIC_NO_PIC = NO;
				GCC_NO_COMMON_BLOCKS = YES;
				GCC_OPTIMIZATION_LEVEL = 0;
				GCC_PREPROCESSOR_DEFINITIONS = (
					"DEBUG=1",
					"$(inherited)",
				);
				GCC_WARN_64_TO_32_BIT_CONVERSION = YES;
				GCC_WARN_ABOUT_RETURN_TYPE = YES_ERROR;
				GCC_WARN_UNDECLARED_SELECTOR = YES;
				GCC_WARN_UNINITIALIZED_AUTOS = YES_AGGRESSIVE;
				GCC_WARN_UNUSED_FUNCTION = YES;
				GCC_WARN_UNUSED_VARIABLE = YES;
				IPHONEOS_DEPLOYMENT_TARGET = 16.1;
				MTL_ENABLE_DEBUG_INFO = INCLUDE_SOURCE;
				MTL_FAST_MATH = YES;
				ONLY_ACTIVE_ARCH = YES;
				SDKROOT = iphoneos;
				SWIFT_ACTIVE_COMPILATION_CONDITIONS = DEBUG;
				SWIFT_OPTIMIZATION_LEVEL = "-Onone";
			};
			name = Debug;
		};
		4E3E098E28F73EB00051BE65 /* Release */ = {
			isa = XCBuildConfiguration;
			buildSettings = {
				ALWAYS_SEARCH_USER_PATHS = NO;
				CLANG_ANALYZER_NONNULL = YES;
				CLANG_ANALYZER_NUMBER_OBJECT_CONVERSION = YES_AGGRESSIVE;
				CLANG_CXX_LANGUAGE_STANDARD = "gnu++20";
				CLANG_ENABLE_MODULES = YES;
				CLANG_ENABLE_OBJC_ARC = YES;
				CLANG_ENABLE_OBJC_WEAK = YES;
				CLANG_WARN_BLOCK_CAPTURE_AUTORELEASING = YES;
				CLANG_WARN_BOOL_CONVERSION = YES;
				CLANG_WARN_COMMA = YES;
				CLANG_WARN_CONSTANT_CONVERSION = YES;
				CLANG_WARN_DEPRECATED_OBJC_IMPLEMENTATIONS = YES;
				CLANG_WARN_DIRECT_OBJC_ISA_USAGE = YES_ERROR;
				CLANG_WARN_DOCUMENTATION_COMMENTS = YES;
				CLANG_WARN_EMPTY_BODY = YES;
				CLANG_WARN_ENUM_CONVERSION = YES;
				CLANG_WARN_INFINITE_RECURSION = YES;
				CLANG_WARN_INT_CONVERSION = YES;
				CLANG_WARN_NON_LITERAL_NULL_CONVERSION = YES;
				CLANG_WARN_OBJC_IMPLICIT_RETAIN_SELF = YES;
				CLANG_WARN_OBJC_LITERAL_CONVERSION = YES;
				CLANG_WARN_OBJC_ROOT_CLASS = YES_ERROR;
				CLANG_WARN_QUOTED_INCLUDE_IN_FRAMEWORK_HEADER = YES;
				CLANG_WARN_RANGE_LOOP_ANALYSIS = YES;
				CLANG_WARN_STRICT_PROTOTYPES = YES;
				CLANG_WARN_SUSPICIOUS_MOVE = YES;
				CLANG_WARN_UNGUARDED_AVAILABILITY = YES_AGGRESSIVE;
				CLANG_WARN_UNREACHABLE_CODE = YES;
				CLANG_WARN__DUPLICATE_METHOD_MATCH = YES;
				COPY_PHASE_STRIP = NO;
				DEBUG_INFORMATION_FORMAT = "dwarf-with-dsym";
				ENABLE_NS_ASSERTIONS = NO;
				ENABLE_STRICT_OBJC_MSGSEND = YES;
				GCC_C_LANGUAGE_STANDARD = gnu11;
				GCC_NO_COMMON_BLOCKS = YES;
				GCC_WARN_64_TO_32_BIT_CONVERSION = YES;
				GCC_WARN_ABOUT_RETURN_TYPE = YES_ERROR;
				GCC_WARN_UNDECLARED_SELECTOR = YES;
				GCC_WARN_UNINITIALIZED_AUTOS = YES_AGGRESSIVE;
				GCC_WARN_UNUSED_FUNCTION = YES;
				GCC_WARN_UNUSED_VARIABLE = YES;
				IPHONEOS_DEPLOYMENT_TARGET = 16.1;
				MTL_ENABLE_DEBUG_INFO = NO;
				MTL_FAST_MATH = YES;
				SDKROOT = iphoneos;
				SWIFT_COMPILATION_MODE = wholemodule;
				SWIFT_OPTIMIZATION_LEVEL = "-O";
				VALIDATE_PRODUCT = YES;
			};
			name = Release;
		};
		4E3E099028F73EB00051BE65 /* Debug */ = {
			isa = XCBuildConfiguration;
			buildSettings = {
				ASSETCATALOG_COMPILER_APPICON_NAME = AppIcon;
				ASSETCATALOG_COMPILER_GLOBAL_ACCENT_COLOR_NAME = AccentColor;
				CODE_SIGN_STYLE = Automatic;
				CURRENT_PROJECT_VERSION = 1;
				DEVELOPMENT_ASSET_PATHS = "\"OwnidTutorial/Preview Content\"";
				DEVELOPMENT_TEAM = G7YTVY99FM;
				ENABLE_PREVIEWS = YES;
				GENERATE_INFOPLIST_FILE = YES;
				INFOPLIST_FILE = OwnidTutorial/Info.plist;
				INFOPLIST_KEY_UIApplicationSceneManifest_Generation = YES;
				INFOPLIST_KEY_UIApplicationSupportsIndirectInputEvents = YES;
				INFOPLIST_KEY_UILaunchScreen_Generation = YES;
				INFOPLIST_KEY_UISupportedInterfaceOrientations_iPad = "UIInterfaceOrientationPortrait UIInterfaceOrientationPortraitUpsideDown UIInterfaceOrientationLandscapeLeft UIInterfaceOrientationLandscapeRight";
				INFOPLIST_KEY_UISupportedInterfaceOrientations_iPhone = "UIInterfaceOrientationPortrait UIInterfaceOrientationLandscapeLeft UIInterfaceOrientationLandscapeRight";
				LD_RUNPATH_SEARCH_PATHS = (
					"$(inherited)",
					"@executable_path/Frameworks",
				);
				MARKETING_VERSION = 1.0;
				PRODUCT_BUNDLE_IDENTIFIER = netah.OwnidTutorial;
				PRODUCT_NAME = "$(TARGET_NAME)";
				SWIFT_EMIT_LOC_STRINGS = YES;
				SWIFT_VERSION = 5.0;
				TARGETED_DEVICE_FAMILY = "1,2";
			};
			name = Debug;
		};
		4E3E099128F73EB00051BE65 /* Release */ = {
			isa = XCBuildConfiguration;
			buildSettings = {
				ASSETCATALOG_COMPILER_APPICON_NAME = AppIcon;
				ASSETCATALOG_COMPILER_GLOBAL_ACCENT_COLOR_NAME = AccentColor;
				CODE_SIGN_STYLE = Automatic;
				CURRENT_PROJECT_VERSION = 1;
				DEVELOPMENT_ASSET_PATHS = "\"OwnidTutorial/Preview Content\"";
				DEVELOPMENT_TEAM = G7YTVY99FM;
				ENABLE_PREVIEWS = YES;
				GENERATE_INFOPLIST_FILE = YES;
				INFOPLIST_FILE = OwnidTutorial/Info.plist;
				INFOPLIST_KEY_UIApplicationSceneManifest_Generation = YES;
				INFOPLIST_KEY_UIApplicationSupportsIndirectInputEvents = YES;
				INFOPLIST_KEY_UILaunchScreen_Generation = YES;
				INFOPLIST_KEY_UISupportedInterfaceOrientations_iPad = "UIInterfaceOrientationPortrait UIInterfaceOrientationPortraitUpsideDown UIInterfaceOrientationLandscapeLeft UIInterfaceOrientationLandscapeRight";
				INFOPLIST_KEY_UISupportedInterfaceOrientations_iPhone = "UIInterfaceOrientationPortrait UIInterfaceOrientationLandscapeLeft UIInterfaceOrientationLandscapeRight";
				LD_RUNPATH_SEARCH_PATHS = (
					"$(inherited)",
					"@executable_path/Frameworks",
				);
				MARKETING_VERSION = 1.0;
				PRODUCT_BUNDLE_IDENTIFIER = netah.OwnidTutorial;
				PRODUCT_NAME = "$(TARGET_NAME)";
				SWIFT_EMIT_LOC_STRINGS = YES;
				SWIFT_VERSION = 5.0;
				TARGETED_DEVICE_FAMILY = "1,2";
			};
			name = Release;
		};
/* End XCBuildConfiguration section */

/* Begin XCConfigurationList section */
		4E3E097C28F73EAF0051BE65 /* Build configuration list for PBXProject "OwnidTutorial" */ = {
			isa = XCConfigurationList;
			buildConfigurations = (
				4E3E098D28F73EB00051BE65 /* Debug */,
				4E3E098E28F73EB00051BE65 /* Release */,
			);
			defaultConfigurationIsVisible = 0;
			defaultConfigurationName = Release;
		};
		4E3E098F28F73EB00051BE65 /* Build configuration list for PBXNativeTarget "OwnidTutorial" */ = {
			isa = XCConfigurationList;
			buildConfigurations = (
				4E3E099028F73EB00051BE65 /* Debug */,
				4E3E099128F73EB00051BE65 /* Release */,
			);
			defaultConfigurationIsVisible = 0;
			defaultConfigurationName = Release;
		};
/* End XCConfigurationList section */

/* Begin XCRemoteSwiftPackageReference section */
		4E3E099428F747AE0051BE65 /* XCRemoteSwiftPackageReference "ownid-firebase-ios-sdk" */ = {
			isa = XCRemoteSwiftPackageReference;
			repositoryURL = "https://github.com/OwnID/ownid-firebase-ios-sdk.git";
			requirement = {
				branch = master;
				kind = branch;
			};
		};
/* End XCRemoteSwiftPackageReference section */

/* Begin XCSwiftPackageProductDependency section */
		4E3E099528F747AE0051BE65 /* OwnIDFirebaseSDK */ = {
			isa = XCSwiftPackageProductDependency;
			package = 4E3E099428F747AE0051BE65 /* XCRemoteSwiftPackageReference "ownid-firebase-ios-sdk" */;
			productName = OwnIDFirebaseSDK;
		};
/* End XCSwiftPackageProductDependency section */
	};
	rootObject = 4E3E097928F73EAF0051BE65 /* Project object */;
}
